// !$*UTF8*$!
{
	archiveVersion = 1;
	classes = {
	};
	objectVersion = 46;
	objects = {

/* Begin PBXBuildFile section */
		CB38E06F199BE26800641775 /* Foundation.framework in Frameworks */ = {isa = PBXBuildFile; fileRef = CB38E06E199BE26800641775 /* Foundation.framework */; };
		CB38E071199BE26800641775 /* CoreGraphics.framework in Frameworks */ = {isa = PBXBuildFile; fileRef = CB38E070199BE26800641775 /* CoreGraphics.framework */; };
		CB38E073199BE26800641775 /* UIKit.framework in Frameworks */ = {isa = PBXBuildFile; fileRef = CB38E072199BE26800641775 /* UIKit.framework */; };
		CB38E079199BE26800641775 /* InfoPlist.strings in Resources */ = {isa = PBXBuildFile; fileRef = CB38E077199BE26800641775 /* InfoPlist.strings */; };
		CB38E07B199BE26800641775 /* main.m in Sources */ = {isa = PBXBuildFile; fileRef = CB38E07A199BE26800641775 /* main.m */; };
		CB38E07F199BE26800641775 /* MOJAppDelegate.m in Sources */ = {isa = PBXBuildFile; fileRef = CB38E07E199BE26800641775 /* MOJAppDelegate.m */; };
		CB38E082199BE26800641775 /* Main.storyboard in Resources */ = {isa = PBXBuildFile; fileRef = CB38E080199BE26800641775 /* Main.storyboard */; };
		CB38E085199BE26800641775 /* MOJViewController.m in Sources */ = {isa = PBXBuildFile; fileRef = CB38E084199BE26800641775 /* MOJViewController.m */; };
		CB38E087199BE26800641775 /* Images.xcassets in Resources */ = {isa = PBXBuildFile; fileRef = CB38E086199BE26800641775 /* Images.xcassets */; };
		CB38E08E199BE26800641775 /* XCTest.framework in Frameworks */ = {isa = PBXBuildFile; fileRef = CB38E08D199BE26800641775 /* XCTest.framework */; };
		CB38E08F199BE26800641775 /* Foundation.framework in Frameworks */ = {isa = PBXBuildFile; fileRef = CB38E06E199BE26800641775 /* Foundation.framework */; };
		CB38E090199BE26800641775 /* UIKit.framework in Frameworks */ = {isa = PBXBuildFile; fileRef = CB38E072199BE26800641775 /* UIKit.framework */; };
		CB38E098199BE26800641775 /* InfoPlist.strings in Resources */ = {isa = PBXBuildFile; fileRef = CB38E096199BE26800641775 /* InfoPlist.strings */; };
		CB38E09A199BE26800641775 /* gitdemoTests.m in Sources */ = {isa = PBXBuildFile; fileRef = CB38E099199BE26800641775 /* gitdemoTests.m */; };
/* End PBXBuildFile section */

/* Begin PBXContainerItemProxy section */
		CB38E091199BE26800641775 /* PBXContainerItemProxy */ = {
			isa = PBXContainerItemProxy;
			containerPortal = CB38E063199BE26800641775 /* Project object */;
			proxyType = 1;
			remoteGlobalIDString = CB38E06A199BE26800641775;
			remoteInfo = gitdemo;
		};
/* End PBXContainerItemProxy section */

/* Begin PBXFileReference section */
		CB38E06B199BE26800641775 /* gitdemo.app */ = {isa = PBXFileReference; explicitFileType = wrapper.application; includeInIndex = 0; path = gitdemo.app; sourceTree = BUILT_PRODUCTS_DIR; };
		CB38E06E199BE26800641775 /* Foundation.framework */ = {isa = PBXFileReference; lastKnownFileType = wrapper.framework; name = Foundation.framework; path = System/Library/Frameworks/Foundation.framework; sourceTree = SDKROOT; };
		CB38E070199BE26800641775 /* CoreGraphics.framework */ = {isa = PBXFileReference; lastKnownFileType = wrapper.framework; name = CoreGraphics.framework; path = System/Library/Frameworks/CoreGraphics.framework; sourceTree = SDKROOT; };
		CB38E072199BE26800641775 /* UIKit.framework */ = {isa = PBXFileReference; lastKnownFileType = wrapper.framework; name = UIKit.framework; path = System/Library/Frameworks/UIKit.framework; sourceTree = SDKROOT; };
		CB38E076199BE26800641775 /* gitdemo-Info.plist */ = {isa = PBXFileReference; lastKnownFileType = text.plist.xml; path = "gitdemo-Info.plist"; sourceTree = "<group>"; };
		CB38E078199BE26800641775 /* en */ = {isa = PBXFileReference; lastKnownFileType = text.plist.strings; name = en; path = en.lproj/InfoPlist.strings; sourceTree = "<group>"; };
		CB38E07A199BE26800641775 /* main.m */ = {isa = PBXFileReference; lastKnownFileType = sourcecode.c.objc; path = main.m; sourceTree = "<group>"; };
		CB38E07C199BE26800641775 /* gitdemo-Prefix.pch */ = {isa = PBXFileReference; lastKnownFileType = sourcecode.c.h; path = "gitdemo-Prefix.pch"; sourceTree = "<group>"; };
		CB38E07D199BE26800641775 /* MOJAppDelegate.h */ = {isa = PBXFileReference; lastKnownFileType = sourcecode.c.h; path = MOJAppDelegate.h; sourceTree = "<group>"; };
		CB38E07E199BE26800641775 /* MOJAppDelegate.m */ = {isa = PBXFileReference; lastKnownFileType = sourcecode.c.objc; path = MOJAppDelegate.m; sourceTree = "<group>"; };
		CB38E081199BE26800641775 /* Base */ = {isa = PBXFileReference; lastKnownFileType = file.storyboard; name = Base; path = Base.lproj/Main.storyboard; sourceTree = "<group>"; };
		CB38E083199BE26800641775 /* MOJViewController.h */ = {isa = PBXFileReference; lastKnownFileType = sourcecode.c.h; path = MOJViewController.h; sourceTree = "<group>"; };
		CB38E084199BE26800641775 /* MOJViewController.m */ = {isa = PBXFileReference; lastKnownFileType = sourcecode.c.objc; path = MOJViewController.m; sourceTree = "<group>"; };
		CB38E086199BE26800641775 /* Images.xcassets */ = {isa = PBXFileReference; lastKnownFileType = folder.assetcatalog; path = Images.xcassets; sourceTree = "<group>"; };
		CB38E08C199BE26800641775 /* gitdemoTests.xctest */ = {isa = PBXFileReference; explicitFileType = wrapper.cfbundle; includeInIndex = 0; path = gitdemoTests.xctest; sourceTree = BUILT_PRODUCTS_DIR; };
		CB38E08D199BE26800641775 /* XCTest.framework */ = {isa = PBXFileReference; lastKnownFileType = wrapper.framework; name = XCTest.framework; path = Library/Frameworks/XCTest.framework; sourceTree = DEVELOPER_DIR; };
		CB38E095199BE26800641775 /* gitdemoTests-Info.plist */ = {isa = PBXFileReference; lastKnownFileType = text.plist.xml; path = "gitdemoTests-Info.plist"; sourceTree = "<group>"; };
		CB38E097199BE26800641775 /* en */ = {isa = PBXFileReference; lastKnownFileType = text.plist.strings; name = en; path = en.lproj/InfoPlist.strings; sourceTree = "<group>"; };
		CB38E099199BE26800641775 /* gitdemoTests.m */ = {isa = PBXFileReference; lastKnownFileType = sourcecode.c.objc; path = gitdemoTests.m; sourceTree = "<group>"; };
/* End PBXFileReference section */

/* Begin PBXFrameworksBuildPhase section */
		CB38E068199BE26800641775 /* Frameworks */ = {
			isa = PBXFrameworksBuildPhase;
			buildActionMask = 2147483647;
			files = (
				CB38E071199BE26800641775 /* CoreGraphics.framework in Frameworks */,
				CB38E073199BE26800641775 /* UIKit.framework in Frameworks */,
				CB38E06F199BE26800641775 /* Foundation.framework in Frameworks */,
			);
			runOnlyForDeploymentPostprocessing = 0;
		};
		CB38E089199BE26800641775 /* Frameworks */ = {
			isa = PBXFrameworksBuildPhase;
			buildActionMask = 2147483647;
			files = (
				CB38E08E199BE26800641775 /* XCTest.framework in Frameworks */,
				CB38E090199BE26800641775 /* UIKit.framework in Frameworks */,
				CB38E08F199BE26800641775 /* Foundation.framework in Frameworks */,
			);
			runOnlyForDeploymentPostprocessing = 0;
		};
/* End PBXFrameworksBuildPhase section */

/* Begin PBXGroup section */
		CB38E062199BE26800641775 = {
			isa = PBXGroup;
			children = (
				CB38E074199BE26800641775 /* gitdemo */,
				CB38E093199BE26800641775 /* gitdemoTests */,
				CB38E06D199BE26800641775 /* Frameworks */,
				CB38E06C199BE26800641775 /* Products */,
			);
			sourceTree = "<group>";
		};
		CB38E06C199BE26800641775 /* Products */ = {
			isa = PBXGroup;
			children = (
				CB38E06B199BE26800641775 /* gitdemo.app */,
				CB38E08C199BE26800641775 /* gitdemoTests.xctest */,
			);
			name = Products;
			sourceTree = "<group>";
		};
		CB38E06D199BE26800641775 /* Frameworks */ = {
			isa = PBXGroup;
			children = (
				CB38E06E199BE26800641775 /* Foundation.framework */,
				CB38E070199BE26800641775 /* CoreGraphics.framework */,
				CB38E072199BE26800641775 /* UIKit.framework */,
				CB38E08D199BE26800641775 /* XCTest.framework */,
			);
			name = Frameworks;
			sourceTree = "<group>";
		};
		CB38E074199BE26800641775 /* gitdemo */ = {
			isa = PBXGroup;
			children = (
				CB38E07D199BE26800641775 /* MOJAppDelegate.h */,
				CB38E07E199BE26800641775 /* MOJAppDelegate.m */,
				CB38E080199BE26800641775 /* Main.storyboard */,
				CB38E083199BE26800641775 /* MOJViewController.h */,
				CB38E084199BE26800641775 /* MOJViewController.m */,
				CB38E086199BE26800641775 /* Images.xcassets */,
				CB38E075199BE26800641775 /* Supporting Files */,
			);
			path = gitdemo;
			sourceTree = "<group>";
		};
		CB38E075199BE26800641775 /* Supporting Files */ = {
			isa = PBXGroup;
			children = (
				CB38E076199BE26800641775 /* gitdemo-Info.plist */,
				CB38E077199BE26800641775 /* InfoPlist.strings */,
				CB38E07A199BE26800641775 /* main.m */,
				CB38E07C199BE26800641775 /* gitdemo-Prefix.pch */,
			);
			name = "Supporting Files";
			sourceTree = "<group>";
		};
		CB38E093199BE26800641775 /* gitdemoTests */ = {
			isa = PBXGroup;
			children = (
				CB38E099199BE26800641775 /* gitdemoTests.m */,
				CB38E094199BE26800641775 /* Supporting Files */,
			);
			path = gitdemoTests;
			sourceTree = "<group>";
		};
		CB38E094199BE26800641775 /* Supporting Files */ = {
			isa = PBXGroup;
			children = (
				CB38E095199BE26800641775 /* gitdemoTests-Info.plist */,
				CB38E096199BE26800641775 /* InfoPlist.strings */,
			);
			name = "Supporting Files";
			sourceTree = "<group>";
		};
/* End PBXGroup section */

/* Begin PBXNativeTarget section */
		CB38E06A199BE26800641775 /* gitdemo */ = {
			isa = PBXNativeTarget;
			buildConfigurationList = CB38E09D199BE26800641775 /* Build configuration list for PBXNativeTarget "gitdemo" */;
			buildPhases = (
				CB38E067199BE26800641775 /* Sources */,
				CB38E068199BE26800641775 /* Frameworks */,
				CB38E069199BE26800641775 /* Resources */,
			);
			buildRules = (
			);
			dependencies = (
			);
			name = gitdemo;
			productName = gitdemo;
			productReference = CB38E06B199BE26800641775 /* gitdemo.app */;
			productType = "com.apple.product-type.application";
		};
		CB38E08B199BE26800641775 /* gitdemoTests */ = {
			isa = PBXNativeTarget;
			buildConfigurationList = CB38E0A0199BE26800641775 /* Build configuration list for PBXNativeTarget "gitdemoTests" */;
			buildPhases = (
				CB38E088199BE26800641775 /* Sources */,
				CB38E089199BE26800641775 /* Frameworks */,
				CB38E08A199BE26800641775 /* Resources */,
			);
			buildRules = (
			);
			dependencies = (
				CB38E092199BE26800641775 /* PBXTargetDependency */,
			);
			name = gitdemoTests;
			productName = gitdemoTests;
			productReference = CB38E08C199BE26800641775 /* gitdemoTests.xctest */;
			productType = "com.apple.product-type.bundle.unit-test";
		};
/* End PBXNativeTarget section */

/* Begin PBXProject section */
		CB38E063199BE26800641775 /* Project object */ = {
			isa = PBXProject;
			attributes = {
				CLASSPREFIX = MOJ;
				LastUpgradeCheck = 0510;
				ORGANIZATIONNAME = Mojonshon;
				TargetAttributes = {
					CB38E08B199BE26800641775 = {
						TestTargetID = CB38E06A199BE26800641775;
					};
				};
			};
			buildConfigurationList = CB38E066199BE26800641775 /* Build configuration list for PBXProject "gitdemo" */;
			compatibilityVersion = "Xcode 3.2";
			developmentRegion = English;
			hasScannedForEncodings = 0;
			knownRegions = (
				en,
				Base,
			);
			mainGroup = CB38E062199BE26800641775;
			productRefGroup = CB38E06C199BE26800641775 /* Products */;
			projectDirPath = "";
			projectRoot = "";
			targets = (
				CB38E06A199BE26800641775 /* gitdemo */,
				CB38E08B199BE26800641775 /* gitdemoTests */,
			);
		};
/* End PBXProject section */

/* Begin PBXResourcesBuildPhase section */
		CB38E069199BE26800641775 /* Resources */ = {
			isa = PBXResourcesBuildPhase;
			buildActionMask = 2147483647;
			files = (
				CB38E087199BE26800641775 /* Images.xcassets in Resources */,
				CB38E079199BE26800641775 /* InfoPlist.strings in Resources */,
				CB38E082199BE26800641775 /* Main.storyboard in Resources */,
			);
			runOnlyForDeploymentPostprocessing = 0;
		};
		CB38E08A199BE26800641775 /* Resources */ = {
			isa = PBXResourcesBuildPhase;
			buildActionMask = 2147483647;
			files = (
				CB38E098199BE26800641775 /* InfoPlist.strings in Resources */,
			);
			runOnlyForDeploymentPostprocessing = 0;
		};
/* End PBXResourcesBuildPhase section */

/* Begin PBXSourcesBuildPhase section */
		CB38E067199BE26800641775 /* Sources */ = {
			isa = PBXSourcesBuildPhase;
			buildActionMask = 2147483647;
			files = (
				CB38E07B199BE26800641775 /* main.m in Sources */,
				CB38E07F199BE26800641775 /* MOJAppDelegate.m in Sources */,
				CB38E085199BE26800641775 /* MOJViewController.m in Sources */,
			);
			runOnlyForDeploymentPostprocessing = 0;
		};
		CB38E088199BE26800641775 /* Sources */ = {
			isa = PBXSourcesBuildPhase;
			buildActionMask = 2147483647;
			files = (
				CB38E09A199BE26800641775 /* gitdemoTests.m in Sources */,
			);
			runOnlyForDeploymentPostprocessing = 0;
		};
/* End PBXSourcesBuildPhase section */

/* Begin PBXTargetDependency section */
		CB38E092199BE26800641775 /* PBXTargetDependency */ = {
			isa = PBXTargetDependency;
			target = CB38E06A199BE26800641775 /* gitdemo */;
			targetProxy = CB38E091199BE26800641775 /* PBXContainerItemProxy */;
		};
/* End PBXTargetDependency section */

/* Begin PBXVariantGroup section */
		CB38E077199BE26800641775 /* InfoPlist.strings */ = {
			isa = PBXVariantGroup;
			children = (
				CB38E078199BE26800641775 /* en */,
			);
			name = InfoPlist.strings;
			sourceTree = "<group>";
		};
		CB38E080199BE26800641775 /* Main.storyboard */ = {
			isa = PBXVariantGroup;
			children = (
				CB38E081199BE26800641775 /* Base */,
			);
			name = Main.storyboard;
			sourceTree = "<group>";
		};
		CB38E096199BE26800641775 /* InfoPlist.strings */ = {
			isa = PBXVariantGroup;
			children = (
				CB38E097199BE26800641775 /* en */,
			);
			name = InfoPlist.strings;
			sourceTree = "<group>";
		};
/* End PBXVariantGroup section */

/* Begin XCBuildConfiguration section */
		CB38E09B199BE26800641775 /* Debug */ = {
			isa = XCBuildConfiguration;
			buildSettings = {
				ALWAYS_SEARCH_USER_PATHS = NO;
				CLANG_CXX_LANGUAGE_STANDARD = "gnu++0x";
				CLANG_CXX_LIBRARY = "libc++";
				CLANG_ENABLE_MODULES = YES;
				CLANG_ENABLE_OBJC_ARC = YES;
				CLANG_WARN_BOOL_CONVERSION = YES;
				CLANG_WARN_CONSTANT_CONVERSION = YES;
				CLANG_WARN_DIRECT_OBJC_ISA_USAGE = YES_ERROR;
				CLANG_WARN_EMPTY_BODY = YES;
				CLANG_WARN_ENUM_CONVERSION = YES;
				CLANG_WARN_INT_CONVERSION = YES;
				CLANG_WARN_OBJC_ROOT_CLASS = YES_ERROR;
				CLANG_WARN__DUPLICATE_METHOD_MATCH = YES;
				"CODE_SIGN_IDENTITY[sdk=iphoneos*]" = "iPhone Developer";
				COPY_PHASE_STRIP = NO;
				GCC_C_LANGUAGE_STANDARD = gnu99;
				GCC_DYNAMIC_NO_PIC = NO;
				GCC_OPTIMIZATION_LEVEL = 0;
				GCC_PREPROCESSOR_DEFINITIONS = (
					"DEBUG=1",
					"$(inherited)",
				);
				GCC_SYMBOLS_PRIVATE_EXTERN = NO;
				GCC_WARN_64_TO_32_BIT_CONVERSION = YES;
				GCC_WARN_ABOUT_RETURN_TYPE = YES_ERROR;
				GCC_WARN_UNDECLARED_SELECTOR = YES;
				GCC_WARN_UNINITIALIZED_AUTOS = YES_AGGRESSIVE;
				GCC_WARN_UNUSED_FUNCTION = YES;
				GCC_WARN_UNUSED_VARIABLE = YES;
				IPHONEOS_DEPLOYMENT_TARGET = 7.1;
				ONLY_ACTIVE_ARCH = YES;
				SDKROOT = iphoneos;
			};
			name = Debug;
		};
		CB38E09C199BE26800641775 /* Release */ = {
			isa = XCBuildConfiguration;
			buildSettings = {
				ALWAYS_SEARCH_USER_PATHS = NO;
				CLANG_CXX_LANGUAGE_STANDARD = "gnu++0x";
				CLANG_CXX_LIBRARY = "libc++";
				CLANG_ENABLE_MODULES = YES;
				CLANG_ENABLE_OBJC_ARC = YES;
				CLANG_WARN_BOOL_CONVERSION = YES;
				CLANG_WARN_CONSTANT_CONVERSION = YES;
				CLANG_WARN_DIRECT_OBJC_ISA_USAGE = YES_ERROR;
				CLANG_WARN_EMPTY_BODY = YES;
				CLANG_WARN_ENUM_CONVERSION = YES;
				CLANG_WARN_INT_CONVERSION = YES;
				CLANG_WARN_OBJC_ROOT_CLASS = YES_ERROR;
				CLANG_WARN__DUPLICATE_METHOD_MATCH = YES;
				"CODE_SIGN_IDENTITY[sdk=iphoneos*]" = "iPhone Developer";
				COPY_PHASE_STRIP = YES;
				ENABLE_NS_ASSERTIONS = NO;
				GCC_C_LANGUAGE_STANDARD = gnu99;
				GCC_WARN_64_TO_32_BIT_CONVERSION = YES;
				GCC_WARN_ABOUT_RETURN_TYPE = YES_ERROR;
				GCC_WARN_UNDECLARED_SELECTOR = YES;
				GCC_WARN_UNINITIALIZED_AUTOS = YES_AGGRESSIVE;
				GCC_WARN_UNUSED_FUNCTION = YES;
				GCC_WARN_UNUSED_VARIABLE = YES;
				IPHONEOS_DEPLOYMENT_TARGET = 7.1;
				SDKROOT = iphoneos;
				VALIDATE_PRODUCT = YES;
			};
			name = Release;
		};
		CB38E09E199BE26800641775 /* Debug */ = {
			isa = XCBuildConfiguration;
			buildSettings = {
				ASSETCATALOG_COMPILER_APPICON_NAME = AppIcon;
				ASSETCATALOG_COMPILER_LAUNCHIMAGE_NAME = LaunchImage;
				GCC_PRECOMPILE_PREFIX_HEADER = YES;
				GCC_PREFIX_HEADER = "gitdemo/gitdemo-Prefix.pch";
				INFOPLIST_FILE = "gitdemo/gitdemo-Info.plist";
				PRODUCT_NAME = "$(TARGET_NAME)";
				WRAPPER_EXTENSION = app;
			};
			name = Debug;
		};
		CB38E09F199BE26800641775 /* Release */ = {
			isa = XCBuildConfiguration;
			buildSettings = {
				ASSETCATALOG_COMPILER_APPICON_NAME = AppIcon;
				ASSETCATALOG_COMPILER_LAUNCHIMAGE_NAME = LaunchImage;
				GCC_PRECOMPILE_PREFIX_HEADER = YES;
				GCC_PREFIX_HEADER = "gitdemo/gitdemo-Prefix.pch";
				INFOPLIST_FILE = "gitdemo/gitdemo-Info.plist";
				PRODUCT_NAME = "$(TARGET_NAME)";
				WRAPPER_EXTENSION = app;
			};
			name = Release;
		};
		CB38E0A1199BE26800641775 /* Debug */ = {
			isa = XCBuildConfiguration;
			buildSettings = {
				BUNDLE_LOADER = "$(BUILT_PRODUCTS_DIR)/gitdemo.app/gitdemo";
				FRAMEWORK_SEARCH_PATHS = (
					"$(SDKROOT)/Developer/Library/Frameworks",
					"$(inherited)",
					"$(DEVELOPER_FRAMEWORKS_DIR)",
				);
				GCC_PRECOMPILE_PREFIX_HEADER = YES;
				GCC_PREFIX_HEADER = "gitdemo/gitdemo-Prefix.pch";
				GCC_PREPROCESSOR_DEFINITIONS = (
					"DEBUG=1",
					"$(inherited)",
				);
				INFOPLIST_FILE = "gitdemoTests/gitdemoTests-Info.plist";
				PRODUCT_NAME = "$(TARGET_NAME)";
				TEST_HOST = "$(BUNDLE_LOADER)";
				WRAPPER_EXTENSION = xctest;
			};
			name = Debug;
		};
		CB38E0A2199BE26800641775 /* Release */ = {
			isa = XCBuildConfiguration;
			buildSettings = {
				BUNDLE_LOADER = "$(BUILT_PRODUCTS_DIR)/gitdemo.app/gitdemo";
				FRAMEWORK_SEARCH_PATHS = (
					"$(SDKROOT)/Developer/Library/Frameworks",
					"$(inherited)",
					"$(DEVELOPER_FRAMEWORKS_DIR)",
				);
				GCC_PRECOMPILE_PREFIX_HEADER = YES;
				GCC_PREFIX_HEADER = "gitdemo/gitdemo-Prefix.pch";
				INFOPLIST_FILE = "gitdemoTests/gitdemoTests-Info.plist";
				PRODUCT_NAME = "$(TARGET_NAME)";
				TEST_HOST = "$(BUNDLE_LOADER)";
				WRAPPER_EXTENSION = xctest;
			};
			name = Release;
		};
/* End XCBuildConfiguration section */

/* Begin XCConfigurationList section */
		CB38E066199BE26800641775 /* Build configuration list for PBXProject "gitdemo" */ = {
			isa = XCConfigurationList;
			buildConfigurations = (
				CB38E09B199BE26800641775 /* Debug */,
				CB38E09C199BE26800641775 /* Release */,
			);
			defaultConfigurationIsVisible = 0;
			defaultConfigurationName = Release;
		};
		CB38E09D199BE26800641775 /* Build configuration list for PBXNativeTarget "gitdemo" */ = {
			isa = XCConfigurationList;
			buildConfigurations = (
				CB38E09E199BE26800641775 /* Debug */,
				CB38E09F199BE26800641775 /* Release */,
			);
			defaultConfigurationIsVisible = 0;
		};
		CB38E0A0199BE26800641775 /* Build configuration list for PBXNativeTarget "gitdemoTests" */ = {
			isa = XCConfigurationList;
			buildConfigurations = (
				CB38E0A1199BE26800641775 /* Debug */,
				CB38E0A2199BE26800641775 /* Release */,
			);
			defaultConfigurationIsVisible = 0;
		};
/* End XCConfigurationList section */
	};
	rootObject = CB38E063199BE26800641775 /* Project object */;
}
